
Microsoft Visual Studio Solution File, Format Version 12.00
# Visual Studio Version 17
VisualStudioVersion = 17.1.32210.238
MinimumVisualStudioVersion = 10.0.40219.1
Project("{8BC9CEB8-8B4A-11D0-8D11-00A0C91BC942}") = "Project1", "Project1.vcxproj", "{FD4C65E0-470A-491E-B0C2-92A4339EC04C}"
EndProject
Global
	GlobalSection(SolutionConfigurationPlatforms) = preSolution
		Debug|x64 = Debug|x64
		Debug|x86 = Debug|x86
		Release|x64 = Release|x64
		Release|x86 = Release|x86
	EndGlobalSection
	GlobalSection(ProjectConfigurationPlatforms) = postSolution
		{FD4C65E0-470A-491E-B0C2-92A4339EC04C}.Debug|x64.ActiveCfg = Debug|x64
		{FD4C65E0-470A-491E-B0C2-92A4339EC04C}.Debug|x64.Build.0 = Debug|x64
		{FD4C65E0-470A-491E-B0C2-92A4339EC04C}.Debug|x86.ActiveCfg = Debug|Win32
		{FD4C65E0-470A-491E-B0C2-92A4339EC04C}.Debug|x86.Build.0 = Debug|Win32
		{FD4C65E0-470A-491E-B0C2-92A4339EC04C}.Release|x64.ActiveCfg = Release|x64
		{FD4C65E0-470A-491E-B0C2-92A4339EC04C}.Release|x64.Build.0 = Release|x64
		{FD4C65E0-470A-491E-B0C2-92A4339EC04C}.Release|x86.ActiveCfg = Release|Win32
		{FD4C65E0-470A-491E-B0C2-92A4339EC04C}.Release|x86.Build.0 = Release|Win32
	EndGlobalSection
	GlobalSection(SolutionProperties) = preSolution
		HideSolutionNode = FALSE
	EndGlobalSection
	GlobalSection(ExtensibilityGlobals) = postSolution
		SolutionGuid = {37D37A35-15B4-4198-8CF0-DFAEFF421A0C}
	EndGlobalSection
EndGlobal
